
Microsoft Visual Studio Solution File, Format Version 12.00
# Visual Studio Version 17
VisualStudioVersion = 17.10.35122.118
MinimumVisualStudioVersion = 10.0.40219.1
Project("{8BC9CEB8-8B4A-11D0-8D11-00A0C91BC942}") = "HowToRunFirstProgramInCHelloWorld", "HowToRunFirstProgramInCHelloWorld\HowToRunFirstProgramInCHelloWorld.vcxproj", "{F0FDAB55-B962-461C-8A23-AEBD58098FF7}"
EndProject
Project("{8BC9CEB8-8B4A-11D0-8D11-00A0C91BC942}") = "EscapeCharactersInC", "EscapeCharactersInC\EscapeCharactersInC.vcxproj", "{77DF1F9B-80F4-4F1F-88D2-CBD0DAEE8102}"
EndProject
Global
	GlobalSection(SolutionConfigurationPlatforms) = preSolution
		Debug|x64 = Debug|x64
		Debug|x86 = Debug|x86
		Release|x64 = Release|x64
		Release|x86 = Release|x86
	EndGlobalSection
	GlobalSection(ProjectConfigurationPlatforms) = postSolution
		{F0FDAB55-B962-461C-8A23-AEBD58098FF7}.Debug|x64.ActiveCfg = Debug|x64
		{F0FDAB55-B962-461C-8A23-AEBD58098FF7}.Debug|x64.Build.0 = Debug|x64
		{F0FDAB55-B962-461C-8A23-AEBD58098FF7}.Debug|x86.ActiveCfg = Debug|Win32
		{F0FDAB55-B962-461C-8A23-AEBD58098FF7}.Debug|x86.Build.0 = Debug|Win32
		{F0FDAB55-B962-461C-8A23-AEBD58098FF7}.Release|x64.ActiveCfg = Release|x64
		{F0FDAB55-B962-461C-8A23-AEBD58098FF7}.Release|x64.Build.0 = Release|x64
		{F0FDAB55-B962-461C-8A23-AEBD58098FF7}.Release|x86.ActiveCfg = Release|Win32
		{F0FDAB55-B962-461C-8A23-AEBD58098FF7}.Release|x86.Build.0 = Release|Win32
		{77DF1F9B-80F4-4F1F-88D2-CBD0DAEE8102}.Debug|x64.ActiveCfg = Debug|x64
		{77DF1F9B-80F4-4F1F-88D2-CBD0DAEE8102}.Debug|x64.Build.0 = Debug|x64
		{77DF1F9B-80F4-4F1F-88D2-CBD0DAEE8102}.Debug|x86.ActiveCfg = Debug|Win32
		{77DF1F9B-80F4-4F1F-88D2-CBD0DAEE8102}.Debug|x86.Build.0 = Debug|Win32
		{77DF1F9B-80F4-4F1F-88D2-CBD0DAEE8102}.Release|x64.ActiveCfg = Release|x64
		{77DF1F9B-80F4-4F1F-88D2-CBD0DAEE8102}.Release|x64.Build.0 = Release|x64
		{77DF1F9B-80F4-4F1F-88D2-CBD0DAEE8102}.Release|x86.ActiveCfg = Release|Win32
		{77DF1F9B-80F4-4F1F-88D2-CBD0DAEE8102}.Release|x86.Build.0 = Release|Win32
	EndGlobalSection
	GlobalSection(SolutionProperties) = preSolution
		HideSolutionNode = FALSE
	EndGlobalSection
	GlobalSection(ExtensibilityGlobals) = postSolution
		SolutionGuid = {5A9983D4-3CD0-481A-977A-B6404008EE2A}
	EndGlobalSection
EndGlobal
